
Microsoft Visual Studio Solution File, Format Version 12.00
# Visual Studio Version 16
VisualStudioVersion = 16.0.29306.81
MinimumVisualStudioVersion = 10.0.40219.1
Project("{8BC9CEB8-8B4A-11D0-8D11-00A0C91BC942}") = "Exercice 4.3 Arrays", "Exercice 4.3 Arrays\Exercice 4.3 Arrays.vcxproj", "{BAD95D09-0B2B-415C-BB35-33B512DFEB21}"
EndProject
Global
	GlobalSection(SolutionConfigurationPlatforms) = preSolution
		Debug|x64 = Debug|x64
		Debug|x86 = Debug|x86
		Release|x64 = Release|x64
		Release|x86 = Release|x86
	EndGlobalSection
	GlobalSection(ProjectConfigurationPlatforms) = postSolution
		{BAD95D09-0B2B-415C-BB35-33B512DFEB21}.Debug|x64.ActiveCfg = Debug|x64
		{BAD95D09-0B2B-415C-BB35-33B512DFEB21}.Debug|x64.Build.0 = Debug|x64
		{BAD95D09-0B2B-415C-BB35-33B512DFEB21}.Debug|x86.ActiveCfg = Debug|Win32
		{BAD95D09-0B2B-415C-BB35-33B512DFEB21}.Debug|x86.Build.0 = Debug|Win32
		{BAD95D09-0B2B-415C-BB35-33B512DFEB21}.Release|x64.ActiveCfg = Release|x64
		{BAD95D09-0B2B-415C-BB35-33B512DFEB21}.Release|x64.Build.0 = Release|x64
		{BAD95D09-0B2B-415C-BB35-33B512DFEB21}.Release|x86.ActiveCfg = Release|Win32
		{BAD95D09-0B2B-415C-BB35-33B512DFEB21}.Release|x86.Build.0 = Release|Win32
	EndGlobalSection
	GlobalSection(SolutionProperties) = preSolution
		HideSolutionNode = FALSE
	EndGlobalSection
	GlobalSection(ExtensibilityGlobals) = postSolution
		SolutionGuid = {CBADBAB4-B182-4293-8D90-DF98EB93DA01}
	EndGlobalSection
EndGlobal
