
Microsoft Visual Studio Solution File, Format Version 12.00
# Visual Studio Version 16
VisualStudioVersion = 16.0.29306.81
MinimumVisualStudioVersion = 10.0.40219.1
Project("{8BC9CEB8-8B4A-11D0-8D11-00A0C91BC942}") = "Exercice 4.2 Arrays", "Exercice 4.2 Arrays\Exercice 4.2 Arrays.vcxproj", "{052261BB-0465-479C-8937-4C38E03E8BA8}"
EndProject
Global
	GlobalSection(SolutionConfigurationPlatforms) = preSolution
		Debug|x64 = Debug|x64
		Debug|x86 = Debug|x86
		Release|x64 = Release|x64
		Release|x86 = Release|x86
	EndGlobalSection
	GlobalSection(ProjectConfigurationPlatforms) = postSolution
		{052261BB-0465-479C-8937-4C38E03E8BA8}.Debug|x64.ActiveCfg = Debug|x64
		{052261BB-0465-479C-8937-4C38E03E8BA8}.Debug|x64.Build.0 = Debug|x64
		{052261BB-0465-479C-8937-4C38E03E8BA8}.Debug|x86.ActiveCfg = Debug|Win32
		{052261BB-0465-479C-8937-4C38E03E8BA8}.Debug|x86.Build.0 = Debug|Win32
		{052261BB-0465-479C-8937-4C38E03E8BA8}.Release|x64.ActiveCfg = Release|x64
		{052261BB-0465-479C-8937-4C38E03E8BA8}.Release|x64.Build.0 = Release|x64
		{052261BB-0465-479C-8937-4C38E03E8BA8}.Release|x86.ActiveCfg = Release|Win32
		{052261BB-0465-479C-8937-4C38E03E8BA8}.Release|x86.Build.0 = Release|Win32
	EndGlobalSection
	GlobalSection(SolutionProperties) = preSolution
		HideSolutionNode = FALSE
	EndGlobalSection
	GlobalSection(ExtensibilityGlobals) = postSolution
		SolutionGuid = {21A813B7-9D9B-4A2B-9C69-47C38976B01E}
	EndGlobalSection
EndGlobal
